github.com/bjarneh/latinx v0.0.0-20120329061922-4dfe9ba2a293 h1:kQGfMtLkjk7aSGf4REldBRcip+25SRGmOWHHjGaZZXM=
github.com/bjarneh/latinx v0.0.0-20120329061922-4dfe9ba2a293/go.mod h1:HdstVrPoCN+CT+wHjeU6juUog6IM+EShcDoARBbc7cU=
github.com/davecgh/go-spew v1.1.1 h1:vj9j/u1bqnvCEfJOwUhtlOARqs3+rkHYY13jYWTU97c=
github.com/davecgh/go-spew v1.1.1/go.mod h1:J7Y8YcW2NihsgmVo/mv3lAwl/skON4iLHjSsI+c5H38=
github.com/kisielk/sqlstruct v0.0.0-20201105191214-5f3e10d3ab46 h1:veS9QfglfvqAw2e+eeNT/SbGySq8ajECXJ9e4fPoLhY=
github.com/kisielk/sqlstruct v0.0.0-20201105191214-5f3e10d3ab46/go.mod h1:yyMNCyc/Ib3bDTKd379tNMpB/7/H5TjM2Y9QJ5THLbE=
github.com/mt1976/common v0.0.0-20210422154335-c43dade93d0b h1:oCDZiq3CeJwUSs/5HwyhJ3wP90dfIGX7/WdbDAj2YxY=
github.com/mt1976/common v0.0.0-20210422154335-c43dade93d0b/go.mod h1:PKApWuz+s+oQ/OTb6ukq2CLa+08ZdYnUM4x7sT9R8yw=
github.com/mt1976/mwtgostringtools v0.0.0-20210421215111-38c8d0f02812 h1:miQ7OxbzgZEJpM7kCP5VaZjs54Kz5UnCSZQIwyrHvKc=
github.com/mt1976/mwtgostringtools v0.0.0-20210421215111-38c8d0f02812/go.mod h1:idR8Ggeq0OXDqISl+cwl8dblF/8bxVpwRpDyeWBYZ7o=
github.com/openprovider/rates v0.0.0-20160627110251-e43a5fe942ea h1:YfAL8qf02ErnWpSNv63HToG39FOPoslx963GPacW8rM=
github.com/openprovider/rates v0.0.0-20160627110251-e43a5fe942ea/go.mod h1:RgiDxTBZKzAFFDVbfXtJmDc97gLFDNFsTee1DdyL0H8=
github.com/paulrosania/go-charset v0.0.0-20190326053356-55c9d7a5834c h1:P6XGcuPTigoHf4TSu+3D/7QOQ1MbL6alNwrGhcW7sKw=
github.com/paulrosania/go-charset v0.0.0-20190326053356-55c9d7a5834c/go.mod h1:YnNlZP7l4MhyGQ4CBRwv6ohZTPrUJJZtEv4ZgADkbs4=
github.com/robfig/cron/v3 v3.0.1 h1:WdRxkvbJztn8LMz/QEvLN5sBU+xKpSqwwUO1Pjr4qDs=
github.com/robfig/cron/v3 v3.0.1/go.mod h1:eQICP3HwyT7UooqI/z+Ov+PtYAWygg1TEWWzGIFLtro=
golang.org/x/net v0.0.0-20210421230115-4e50805a0758 h1:aEpZnXcAmXkd6AvLb2OPt+EN1Zu/8Ne3pCqPjja5PXY=
golang.org/x/net v0.0.0-20210421230115-4e50805a0758/go.mod h1:72T/g9IO56b78aLF+1Kcs5dz7/ng1VjMUvfKvpfy+jM=
golang.org/x/sys v0.0.0-20201119102817-f84b799fce68/go.mod h1:h1NjWce9XRLGQEsW7wpKNCjG9DtNlClVuFLEZdDNbEs=
golang.org/x/sys v0.0.0-20210420072515-93ed5bcd2bfe/go.mod h1:h1NjWce9XRLGQEsW7wpKNCjG9DtNlClVuFLEZdDNbEs=
golang.org/x/term v0.0.0-20201126162022-7de9c90e9dd1/go.mod h1:bj7SfCRtBDWHUb9snDiAeCFNEtKQo2Wmx5Cou7ajbmo=
golang.org/x/text v0.3.6 h1:aRYxNxv6iGQlyVaZmk6ZgYEDa+Jg18DxebPSrd6bg1M=
golang.org/x/text v0.3.6/go.mod h1:5Zoc/QRtKVWzQhOtBMvqHzDpF6irO9z98xDceosuGiQ=
golang.org/x/tools v0.0.0-20180917221912-90fa682c2a6e/go.mod h1:n7NCudcB/nEzxVGmLbDWY5pfWTLqBcC2KZ6jyYvM4mQ=
